
Microsoft Visual Studio Solution File, Format Version 12.00
# Visual Studio 14
VisualStudioVersion = 14.0.25420.1
MinimumVisualStudioVersion = 10.0.40219.1
Project("{FAE04EC0-301F-11D3-BF4B-00C04F79EFBC}") = "COMP255FinalProject", "COMP255FinalProject\COMP255FinalProject.csproj", "{DF42A03D-B991-4F09-AFD4-941F81B87853}"
EndProject
Global
	GlobalSection(SolutionConfigurationPlatforms) = preSolution
		Debug|Any CPU = Debug|Any CPU
		Release|Any CPU = Release|Any CPU
	EndGlobalSection
	GlobalSection(ProjectConfigurationPlatforms) = postSolution
		{DF42A03D-B991-4F09-AFD4-941F81B87853}.Debug|Any CPU.ActiveCfg = Debug|Any CPU
		{DF42A03D-B991-4F09-AFD4-941F81B87853}.Debug|Any CPU.Build.0 = Debug|Any CPU
		{DF42A03D-B991-4F09-AFD4-941F81B87853}.Release|Any CPU.ActiveCfg = Release|Any CPU
		{DF42A03D-B991-4F09-AFD4-941F81B87853}.Release|Any CPU.Build.0 = Release|Any CPU
	EndGlobalSection
	GlobalSection(SolutionProperties) = preSolution
		HideSolutionNode = FALSE
	EndGlobalSection
EndGlobal
